// !$*UTF8*$!
{
	archiveVersion = 1;
	classes = {
	};
	objectVersion = 50;
	objects = {

/* Begin PBXBuildFile section */
		B259C81620E1E2980061A517 /* ABCDBlockChain.cpp in Sources */ = {isa = PBXBuildFile; fileRef = B259C81020E1E2970061A517 /* ABCDBlockChain.cpp */; };
		B259C81720E1E2980061A517 /* ABCDBlock.cpp in Sources */ = {isa = PBXBuildFile; fileRef = B259C81120E1E2970061A517 /* ABCDBlock.cpp */; };
		B259C81820E1E2980061A517 /* Transaction.cpp in Sources */ = {isa = PBXBuildFile; fileRef = B259C81320E1E2980061A517 /* Transaction.cpp */; };
		B259C81920E1E2980061A517 /* jsoncpp.cpp in Sources */ = {isa = PBXBuildFile; fileRef = B259C81420E1E2980061A517 /* jsoncpp.cpp */; };
		B259C8CA20E1F2350061A517 /* sha256.cpp in Sources */ = {isa = PBXBuildFile; fileRef = B259C8C820E1F2340061A517 /* sha256.cpp */; };
/* End PBXBuildFile section */

/* Begin PBXCopyFilesBuildPhase section */
		B28823DF20E1E21400EF453B /* CopyFiles */ = {
			isa = PBXCopyFilesBuildPhase;
			buildActionMask = 2147483647;
			dstPath = /usr/share/man/man1/;
			dstSubfolderSpec = 0;
			files = (
			);
			runOnlyForDeploymentPostprocessing = 1;
		};
/* End PBXCopyFilesBuildPhase section */

/* Begin PBXFileReference section */
		B259C80F20E1E2970061A517 /* Transaction.hpp */ = {isa = PBXFileReference; fileEncoding = 4; lastKnownFileType = sourcecode.cpp.h; path = Transaction.hpp; sourceTree = "<group>"; };
		B259C81020E1E2970061A517 /* ABCDBlockChain.cpp */ = {isa = PBXFileReference; fileEncoding = 4; lastKnownFileType = sourcecode.cpp.cpp; path = ABCDBlockChain.cpp; sourceTree = "<group>"; };
		B259C81120E1E2970061A517 /* ABCDBlock.cpp */ = {isa = PBXFileReference; fileEncoding = 4; lastKnownFileType = sourcecode.cpp.cpp; path = ABCDBlock.cpp; sourceTree = "<group>"; };
		B259C81220E1E2980061A517 /* json */ = {isa = PBXFileReference; lastKnownFileType = folder; path = json; sourceTree = "<group>"; };
		B259C81320E1E2980061A517 /* Transaction.cpp */ = {isa = PBXFileReference; fileEncoding = 4; lastKnownFileType = sourcecode.cpp.cpp; path = Transaction.cpp; sourceTree = "<group>"; };
		B259C81420E1E2980061A517 /* jsoncpp.cpp */ = {isa = PBXFileReference; fileEncoding = 4; lastKnownFileType = sourcecode.cpp.cpp; path = jsoncpp.cpp; sourceTree = "<group>"; };
		B259C81520E1E2980061A517 /* ABCDBlock.hpp */ = {isa = PBXFileReference; fileEncoding = 4; lastKnownFileType = sourcecode.cpp.h; path = ABCDBlock.hpp; sourceTree = "<group>"; };
		B259C8C820E1F2340061A517 /* sha256.cpp */ = {isa = PBXFileReference; fileEncoding = 4; lastKnownFileType = sourcecode.cpp.cpp; path = sha256.cpp; sourceTree = "<group>"; };
		B259C8C920E1F2350061A517 /* sha256.h */ = {isa = PBXFileReference; fileEncoding = 4; lastKnownFileType = sourcecode.c.h; path = sha256.h; sourceTree = "<group>"; };
		B28823E120E1E21400EF453B /* ABCDChain */ = {isa = PBXFileReference; explicitFileType = "compiled.mach-o.executable"; includeInIndex = 0; name = ABCDChain; path = /Users/meamde/Documents/University/RentalService_with_ABCDChain/BlockChain/ABCDChain/build/Release/ABCDChain; sourceTree = "<absolute>"; };
/* End PBXFileReference section */

/* Begin PBXFrameworksBuildPhase section */
		B28823DE20E1E21400EF453B /* Frameworks */ = {
			isa = PBXFrameworksBuildPhase;
			buildActionMask = 2147483647;
			files = (
			);
			runOnlyForDeploymentPostprocessing = 0;
		};
/* End PBXFrameworksBuildPhase section */

/* Begin PBXGroup section */
		B28823D820E1E21400EF453B = {
			isa = PBXGroup;
			children = (
				B28823E320E1E21400EF453B /* ABCDChain */,
			);
			sourceTree = "<group>";
		};
		B28823E320E1E21400EF453B /* ABCDChain */ = {
			isa = PBXGroup;
			children = (
				B259C8C820E1F2340061A517 /* sha256.cpp */,
				B259C8C920E1F2350061A517 /* sha256.h */,
				B259C81120E1E2970061A517 /* ABCDBlock.cpp */,
				B259C81520E1E2980061A517 /* ABCDBlock.hpp */,
				B259C81020E1E2970061A517 /* ABCDBlockChain.cpp */,
				B259C81220E1E2980061A517 /* json */,
				B259C81420E1E2980061A517 /* jsoncpp.cpp */,
				B259C81320E1E2980061A517 /* Transaction.cpp */,
				B259C80F20E1E2970061A517 /* Transaction.hpp */,
			);
			path = ABCDChain;
			sourceTree = "<group>";
		};
/* End PBXGroup section */

/* Begin PBXNativeTarget section */
		B28823E020E1E21400EF453B /* ABCDChain */ = {
			isa = PBXNativeTarget;
			buildConfigurationList = B28823E820E1E21400EF453B /* Build configuration list for PBXNativeTarget "ABCDChain" */;
			buildPhases = (
				B28823DD20E1E21400EF453B /* Sources */,
				B28823DE20E1E21400EF453B /* Frameworks */,
				B28823DF20E1E21400EF453B /* CopyFiles */,
			);
			buildRules = (
			);
			dependencies = (
			);
			name = ABCDChain;
			productName = ABCDChain;
			productReference = B28823E120E1E21400EF453B /* ABCDChain */;
			productType = "com.apple.product-type.tool";
		};
/* End PBXNativeTarget section */

/* Begin PBXProject section */
		B28823D920E1E21400EF453B /* Project object */ = {
			isa = PBXProject;
			attributes = {
				LastUpgradeCheck = 0940;
				ORGANIZATIONNAME = "HwaSeok Shin";
				TargetAttributes = {
					B28823E020E1E21400EF453B = {
						CreatedOnToolsVersion = 9.4;
					};
				};
			};
			buildConfigurationList = B28823DC20E1E21400EF453B /* Build configuration list for PBXProject "ABCDChain" */;
			compatibilityVersion = "Xcode 9.3";
			developmentRegion = en;
			hasScannedForEncodings = 0;
			knownRegions = (
				en,
			);
			mainGroup = B28823D820E1E21400EF453B;
			productRefGroup = B28823D820E1E21400EF453B;
			projectDirPath = "";
			projectRoot = "";
			targets = (
				B28823E020E1E21400EF453B /* ABCDChain */,
			);
		};
/* End PBXProject section */

/* Begin PBXSourcesBuildPhase section */
		B28823DD20E1E21400EF453B /* Sources */ = {
			isa = PBXSourcesBuildPhase;
			buildActionMask = 2147483647;
			files = (
				B259C81820E1E2980061A517 /* Transaction.cpp in Sources */,
				B259C8CA20E1F2350061A517 /* sha256.cpp in Sources */,
				B259C81920E1E2980061A517 /* jsoncpp.cpp in Sources */,
				B259C81620E1E2980061A517 /* ABCDBlockChain.cpp in Sources */,
				B259C81720E1E2980061A517 /* ABCDBlock.cpp in Sources */,
			);
			runOnlyForDeploymentPostprocessing = 0;
		};
/* End PBXSourcesBuildPhase section */

/* Begin XCBuildConfiguration section */
		B28823E620E1E21400EF453B /* Debug */ = {
			isa = XCBuildConfiguration;
			buildSettings = {
				ALWAYS_SEARCH_USER_PATHS = NO;
				CLANG_ANALYZER_NONNULL = YES;
				CLANG_ANALYZER_NUMBER_OBJECT_CONVERSION = YES_AGGRESSIVE;
				CLANG_CXX_LANGUAGE_STANDARD = "gnu++14";
				CLANG_CXX_LIBRARY = "libc++";
				CLANG_ENABLE_MODULES = YES;
				CLANG_ENABLE_OBJC_ARC = YES;
				CLANG_ENABLE_OBJC_WEAK = YES;
				CLANG_WARN_BLOCK_CAPTURE_AUTORELEASING = YES;
				CLANG_WARN_BOOL_CONVERSION = YES;
				CLANG_WARN_COMMA = YES;
				CLANG_WARN_CONSTANT_CONVERSION = YES;
				CLANG_WARN_DEPRECATED_OBJC_IMPLEMENTATIONS = YES;
				CLANG_WARN_DIRECT_OBJC_ISA_USAGE = YES_ERROR;
				CLANG_WARN_DOCUMENTATION_COMMENTS = YES;
				CLANG_WARN_EMPTY_BODY = YES;
				CLANG_WARN_ENUM_CONVERSION = YES;
				CLANG_WARN_INFINITE_RECURSION = YES;
				CLANG_WARN_INT_CONVERSION = YES;
				CLANG_WARN_NON_LITERAL_NULL_CONVERSION = YES;
				CLANG_WARN_OBJC_IMPLICIT_RETAIN_SELF = YES;
				CLANG_WARN_OBJC_LITERAL_CONVERSION = YES;
				CLANG_WARN_OBJC_ROOT_CLASS = YES_ERROR;
				CLANG_WARN_RANGE_LOOP_ANALYSIS = YES;
				CLANG_WARN_STRICT_PROTOTYPES = YES;
				CLANG_WARN_SUSPICIOUS_MOVE = YES;
				CLANG_WARN_UNGUARDED_AVAILABILITY = YES_AGGRESSIVE;
				CLANG_WARN_UNREACHABLE_CODE = YES;
				CLANG_WARN__DUPLICATE_METHOD_MATCH = YES;
				CODE_SIGN_IDENTITY = "-";
				COPY_PHASE_STRIP = NO;
				DEBUG_INFORMATION_FORMAT = dwarf;
				ENABLE_STRICT_OBJC_MSGSEND = YES;
				ENABLE_TESTABILITY = YES;
				GCC_C_LANGUAGE_STANDARD = gnu11;
				GCC_DYNAMIC_NO_PIC = NO;
				GCC_NO_COMMON_BLOCKS = YES;
				GCC_OPTIMIZATION_LEVEL = 0;
				GCC_PREPROCESSOR_DEFINITIONS = (
					"DEBUG=1",
					"$(inherited)",
				);
				GCC_WARN_64_TO_32_BIT_CONVERSION = YES;
				GCC_WARN_ABOUT_RETURN_TYPE = YES_ERROR;
				GCC_WARN_UNDECLARED_SELECTOR = YES;
				GCC_WARN_UNINITIALIZED_AUTOS = YES_AGGRESSIVE;
				GCC_WARN_UNUSED_FUNCTION = YES;
				GCC_WARN_UNUSED_VARIABLE = YES;
				MACOSX_DEPLOYMENT_TARGET = 10.13;
				MTL_ENABLE_DEBUG_INFO = YES;
				ONLY_ACTIVE_ARCH = YES;
				SDKROOT = macosx;
			};
			name = Debug;
		};
		B28823E720E1E21400EF453B /* Release */ = {
			isa = XCBuildConfiguration;
			buildSettings = {
				ALWAYS_SEARCH_USER_PATHS = NO;
				CLANG_ANALYZER_NONNULL = YES;
				CLANG_ANALYZER_NUMBER_OBJECT_CONVERSION = YES_AGGRESSIVE;
				CLANG_CXX_LANGUAGE_STANDARD = "gnu++14";
				CLANG_CXX_LIBRARY = "libc++";
				CLANG_ENABLE_MODULES = YES;
				CLANG_ENABLE_OBJC_ARC = YES;
				CLANG_ENABLE_OBJC_WEAK = YES;
				CLANG_WARN_BLOCK_CAPTURE_AUTORELEASING = YES;
				CLANG_WARN_BOOL_CONVERSION = YES;
				CLANG_WARN_COMMA = YES;
				CLANG_WARN_CONSTANT_CONVERSION = YES;
				CLANG_WARN_DEPRECATED_OBJC_IMPLEMENTATIONS = YES;
				CLANG_WARN_DIRECT_OBJC_ISA_USAGE = YES_ERROR;
				CLANG_WARN_DOCUMENTATION_COMMENTS = YES;
				CLANG_WARN_EMPTY_BODY = YES;
				CLANG_WARN_ENUM_CONVERSION = YES;
				CLANG_WARN_INFINITE_RECURSION = YES;
				CLANG_WARN_INT_CONVERSION = YES;
				CLANG_WARN_NON_LITERAL_NULL_CONVERSION = YES;
				CLANG_WARN_OBJC_IMPLICIT_RETAIN_SELF = YES;
				CLANG_WARN_OBJC_LITERAL_CONVERSION = YES;
				CLANG_WARN_OBJC_ROOT_CLASS = YES_ERROR;
				CLANG_WARN_RANGE_LOOP_ANALYSIS = YES;
				CLANG_WARN_STRICT_PROTOTYPES = YES;
				CLANG_WARN_SUSPICIOUS_MOVE = YES;
				CLANG_WARN_UNGUARDED_AVAILABILITY = YES_AGGRESSIVE;
				CLANG_WARN_UNREACHABLE_CODE = YES;
				CLANG_WARN__DUPLICATE_METHOD_MATCH = YES;
				CODE_SIGN_IDENTITY = "-";
				COPY_PHASE_STRIP = NO;
				DEBUG_INFORMATION_FORMAT = "dwarf-with-dsym";
				ENABLE_NS_ASSERTIONS = NO;
				ENABLE_STRICT_OBJC_MSGSEND = YES;
				GCC_C_LANGUAGE_STANDARD = gnu11;
				GCC_NO_COMMON_BLOCKS = YES;
				GCC_WARN_64_TO_32_BIT_CONVERSION = YES;
				GCC_WARN_ABOUT_RETURN_TYPE = YES_ERROR;
				GCC_WARN_UNDECLARED_SELECTOR = YES;
				GCC_WARN_UNINITIALIZED_AUTOS = YES_AGGRESSIVE;
				GCC_WARN_UNUSED_FUNCTION = YES;
				GCC_WARN_UNUSED_VARIABLE = YES;
				MACOSX_DEPLOYMENT_TARGET = 10.13;
				MTL_ENABLE_DEBUG_INFO = NO;
				SDKROOT = macosx;
			};
			name = Release;
		};
		B28823E920E1E21400EF453B /* Debug */ = {
			isa = XCBuildConfiguration;
			buildSettings = {
				CODE_SIGN_STYLE = Automatic;
				LIBRARY_SEARCH_PATHS = (
					"$(inherited)",
					"$(PROJECT_DIR)/ABCDChain/Lib",
				);
				PRODUCT_NAME = "$(TARGET_NAME)";
			};
			name = Debug;
		};
		B28823EA20E1E21400EF453B /* Release */ = {
			isa = XCBuildConfiguration;
			buildSettings = {
				CODE_SIGN_STYLE = Automatic;
				LIBRARY_SEARCH_PATHS = (
					"$(inherited)",
					"$(PROJECT_DIR)/ABCDChain/Lib",
				);
				PRODUCT_NAME = "$(TARGET_NAME)";
			};
			name = Release;
		};
/* End XCBuildConfiguration section */

/* Begin XCConfigurationList section */
		B28823DC20E1E21400EF453B /* Build configuration list for PBXProject "ABCDChain" */ = {
			isa = XCConfigurationList;
			buildConfigurations = (
				B28823E620E1E21400EF453B /* Debug */,
				B28823E720E1E21400EF453B /* Release */,
			);
			defaultConfigurationIsVisible = 0;
			defaultConfigurationName = Release;
		};
		B28823E820E1E21400EF453B /* Build configuration list for PBXNativeTarget "ABCDChain" */ = {
			isa = XCConfigurationList;
			buildConfigurations = (
				B28823E920E1E21400EF453B /* Debug */,
				B28823EA20E1E21400EF453B /* Release */,
			);
			defaultConfigurationIsVisible = 0;
			defaultConfigurationName = Release;
		};
/* End XCConfigurationList section */
	};
	rootObject = B28823D920E1E21400EF453B /* Project object */;
}
